{
  "name": "handler",
  "version": "1.0.0",
  "lockfileVersion": 3,
  "requires": true,
  "packages": {
    "": {
      "name": "handler",
      "version": "1.0.0",
      "license": "ISC",
      "dependencies": {
        "replaceall": "^0.1.6"
      }
    },
    "node_modules/replaceall": {
      "version": "0.1.6",
      "resolved": "https://registry.npmjs.org/replaceall/-/replaceall-0.1.6.tgz",
      "integrity": "sha512-sL26E4+8Kec7bwpRjHlQvbNZcpnGroT3PA7ywsgH6GjzxAg4IGNlNalLoRC/JmTed7cMhyDbi44pWw1kMhDxlw==",
      "engines": {
        "node": ">= 0.8.x"
      }
    }
  }
}
